
Microsoft Visual Studio Solution File, Format Version 12.00
# Visual Studio 15
VisualStudioVersion = 15.0.27004.2002
MinimumVisualStudioVersion = 10.0.40219.1
Project("{8BC9CEB8-8B4A-11D0-8D11-00A0C91BC942}") = "ex) 18년 1월 30일", "ex) 18년 1월 30일\ex) 18년 1월 30일.vcxproj", "{9854A2EF-4EAF-4EBC-8DF0-1E209DAED588}"
EndProject
Global
	GlobalSection(SolutionConfigurationPlatforms) = preSolution
		Debug|x64 = Debug|x64
		Debug|x86 = Debug|x86
		Release|x64 = Release|x64
		Release|x86 = Release|x86
	EndGlobalSection
	GlobalSection(ProjectConfigurationPlatforms) = postSolution
		{9854A2EF-4EAF-4EBC-8DF0-1E209DAED588}.Debug|x64.ActiveCfg = Debug|x64
		{9854A2EF-4EAF-4EBC-8DF0-1E209DAED588}.Debug|x64.Build.0 = Debug|x64
		{9854A2EF-4EAF-4EBC-8DF0-1E209DAED588}.Debug|x86.ActiveCfg = Debug|Win32
		{9854A2EF-4EAF-4EBC-8DF0-1E209DAED588}.Debug|x86.Build.0 = Debug|Win32
		{9854A2EF-4EAF-4EBC-8DF0-1E209DAED588}.Release|x64.ActiveCfg = Release|x64
		{9854A2EF-4EAF-4EBC-8DF0-1E209DAED588}.Release|x64.Build.0 = Release|x64
		{9854A2EF-4EAF-4EBC-8DF0-1E209DAED588}.Release|x86.ActiveCfg = Release|Win32
		{9854A2EF-4EAF-4EBC-8DF0-1E209DAED588}.Release|x86.Build.0 = Release|Win32
	EndGlobalSection
	GlobalSection(SolutionProperties) = preSolution
		HideSolutionNode = FALSE
	EndGlobalSection
	GlobalSection(ExtensibilityGlobals) = postSolution
		SolutionGuid = {B6F28C6F-75A2-4410-8D8B-13B24AFFEA86}
	EndGlobalSection
EndGlobal
